
Microsoft Visual Studio Solution File, Format Version 12.00
# Visual Studio Version 16
VisualStudioVersion = 16.0.29418.71
MinimumVisualStudioVersion = 10.0.40219.1
Project("{9A19103F-16F7-4668-BE54-9A1E7A4F7556}") = "Game_Tracker", "Game Tracker WPF\Game_Tracker.csproj", "{A181940F-8FB9-4B58-9B08-B3A2FC7DF574}"
EndProject
Global
	GlobalSection(SolutionConfigurationPlatforms) = preSolution
		Debug|Any CPU = Debug|Any CPU
		Release|Any CPU = Release|Any CPU
	EndGlobalSection
	GlobalSection(ProjectConfigurationPlatforms) = postSolution
		{A181940F-8FB9-4B58-9B08-B3A2FC7DF574}.Debug|Any CPU.ActiveCfg = Debug|Any CPU
		{A181940F-8FB9-4B58-9B08-B3A2FC7DF574}.Debug|Any CPU.Build.0 = Debug|Any CPU
		{A181940F-8FB9-4B58-9B08-B3A2FC7DF574}.Release|Any CPU.ActiveCfg = Release|Any CPU
		{A181940F-8FB9-4B58-9B08-B3A2FC7DF574}.Release|Any CPU.Build.0 = Release|Any CPU
	EndGlobalSection
	GlobalSection(SolutionProperties) = preSolution
		HideSolutionNode = FALSE
	EndGlobalSection
	GlobalSection(ExtensibilityGlobals) = postSolution
		SolutionGuid = {A10D499E-985E-4EE9-9CBA-E826EF10DC09}
	EndGlobalSection
EndGlobal
